// !$*UTF8*$!
{
	archiveVersion = 1;
	classes = {
	};
	objectVersion = 48;
	objects = {

/* Begin PBXBuildFile section */
		1C0ABFD120644463000C8FB6 /* AppDelegate.swift in Sources */ = {isa = PBXBuildFile; fileRef = 1C0ABFD020644463000C8FB6 /* AppDelegate.swift */; };
		1C0ABFD320644463000C8FB6 /* ViewController.swift in Sources */ = {isa = PBXBuildFile; fileRef = 1C0ABFD220644463000C8FB6 /* ViewController.swift */; };
		1C0ABFD620644463000C8FB6 /* Main.storyboard in Resources */ = {isa = PBXBuildFile; fileRef = 1C0ABFD420644463000C8FB6 /* Main.storyboard */; };
		1C0ABFD820644463000C8FB6 /* Assets.xcassets in Resources */ = {isa = PBXBuildFile; fileRef = 1C0ABFD720644463000C8FB6 /* Assets.xcassets */; };
		1C0ABFDB20644463000C8FB6 /* LaunchScreen.storyboard in Resources */ = {isa = PBXBuildFile; fileRef = 1C0ABFD920644463000C8FB6 /* LaunchScreen.storyboard */; };
		1C0ABFE620644464000C8FB6 /* InfiniteScrollableTabBarControllerTests.swift in Sources */ = {isa = PBXBuildFile; fileRef = 1C0ABFE520644464000C8FB6 /* InfiniteScrollableTabBarControllerTests.swift */; };
/* End PBXBuildFile section */

/* Begin PBXContainerItemProxy section */
		1C0ABFE220644464000C8FB6 /* PBXContainerItemProxy */ = {
			isa = PBXContainerItemProxy;
			containerPortal = 1C0ABFC520644463000C8FB6 /* Project object */;
			proxyType = 1;
			remoteGlobalIDString = 1C0ABFCC20644463000C8FB6;
			remoteInfo = InfiniteScrollableTabBarController;
		};
/* End PBXContainerItemProxy section */

/* Begin PBXFileReference section */
		1C0ABFCD20644463000C8FB6 /* InfiniteScrollableTabBarController.app */ = {isa = PBXFileReference; explicitFileType = wrapper.application; includeInIndex = 0; path = InfiniteScrollableTabBarController.app; sourceTree = BUILT_PRODUCTS_DIR; };
		1C0ABFD020644463000C8FB6 /* AppDelegate.swift */ = {isa = PBXFileReference; lastKnownFileType = sourcecode.swift; path = AppDelegate.swift; sourceTree = "<group>"; };
		1C0ABFD220644463000C8FB6 /* ViewController.swift */ = {isa = PBXFileReference; lastKnownFileType = sourcecode.swift; path = ViewController.swift; sourceTree = "<group>"; };
		1C0ABFD520644463000C8FB6 /* Base */ = {isa = PBXFileReference; lastKnownFileType = file.storyboard; name = Base; path = Base.lproj/Main.storyboard; sourceTree = "<group>"; };
		1C0ABFD720644463000C8FB6 /* Assets.xcassets */ = {isa = PBXFileReference; lastKnownFileType = folder.assetcatalog; path = Assets.xcassets; sourceTree = "<group>"; };
		1C0ABFDA20644463000C8FB6 /* Base */ = {isa = PBXFileReference; lastKnownFileType = file.storyboard; name = Base; path = Base.lproj/LaunchScreen.storyboard; sourceTree = "<group>"; };
		1C0ABFDC20644463000C8FB6 /* Info.plist */ = {isa = PBXFileReference; lastKnownFileType = text.plist.xml; path = Info.plist; sourceTree = "<group>"; };
		1C0ABFE120644464000C8FB6 /* InfiniteScrollableTabBarControllerTests.xctest */ = {isa = PBXFileReference; explicitFileType = wrapper.cfbundle; includeInIndex = 0; path = InfiniteScrollableTabBarControllerTests.xctest; sourceTree = BUILT_PRODUCTS_DIR; };
		1C0ABFE520644464000C8FB6 /* InfiniteScrollableTabBarControllerTests.swift */ = {isa = PBXFileReference; lastKnownFileType = sourcecode.swift; path = InfiniteScrollableTabBarControllerTests.swift; sourceTree = "<group>"; };
		1C0ABFE720644464000C8FB6 /* Info.plist */ = {isa = PBXFileReference; lastKnownFileType = text.plist.xml; path = Info.plist; sourceTree = "<group>"; };
/* End PBXFileReference section */

/* Begin PBXFrameworksBuildPhase section */
		1C0ABFCA20644463000C8FB6 /* Frameworks */ = {
			isa = PBXFrameworksBuildPhase;
			buildActionMask = 2147483647;
			files = (
			);
			runOnlyForDeploymentPostprocessing = 0;
		};
		1C0ABFDE20644464000C8FB6 /* Frameworks */ = {
			isa = PBXFrameworksBuildPhase;
			buildActionMask = 2147483647;
			files = (
			);
			runOnlyForDeploymentPostprocessing = 0;
		};
/* End PBXFrameworksBuildPhase section */

/* Begin PBXGroup section */
		1C0ABFC420644463000C8FB6 = {
			isa = PBXGroup;
			children = (
				1C0ABFCF20644463000C8FB6 /* InfiniteScrollableTabBarController */,
				1C0ABFE420644464000C8FB6 /* InfiniteScrollableTabBarControllerTests */,
				1C0ABFCE20644463000C8FB6 /* Products */,
			);
			sourceTree = "<group>";
		};
		1C0ABFCE20644463000C8FB6 /* Products */ = {
			isa = PBXGroup;
			children = (
				1C0ABFCD20644463000C8FB6 /* InfiniteScrollableTabBarController.app */,
				1C0ABFE120644464000C8FB6 /* InfiniteScrollableTabBarControllerTests.xctest */,
			);
			name = Products;
			sourceTree = "<group>";
		};
		1C0ABFCF20644463000C8FB6 /* InfiniteScrollableTabBarController */ = {
			isa = PBXGroup;
			children = (
				1C0ABFD020644463000C8FB6 /* AppDelegate.swift */,
				1C0ABFD220644463000C8FB6 /* ViewController.swift */,
				1C0ABFD420644463000C8FB6 /* Main.storyboard */,
				1C0ABFD720644463000C8FB6 /* Assets.xcassets */,
				1C0ABFD920644463000C8FB6 /* LaunchScreen.storyboard */,
				1C0ABFDC20644463000C8FB6 /* Info.plist */,
			);
			path = InfiniteScrollableTabBarController;
			sourceTree = "<group>";
		};
		1C0ABFE420644464000C8FB6 /* InfiniteScrollableTabBarControllerTests */ = {
			isa = PBXGroup;
			children = (
				1C0ABFE520644464000C8FB6 /* InfiniteScrollableTabBarControllerTests.swift */,
				1C0ABFE720644464000C8FB6 /* Info.plist */,
			);
			path = InfiniteScrollableTabBarControllerTests;
			sourceTree = "<group>";
		};
/* End PBXGroup section */

/* Begin PBXNativeTarget section */
		1C0ABFCC20644463000C8FB6 /* InfiniteScrollableTabBarController */ = {
			isa = PBXNativeTarget;
			buildConfigurationList = 1C0ABFEA20644464000C8FB6 /* Build configuration list for PBXNativeTarget "InfiniteScrollableTabBarController" */;
			buildPhases = (
				1C0ABFC920644463000C8FB6 /* Sources */,
				1C0ABFCA20644463000C8FB6 /* Frameworks */,
				1C0ABFCB20644463000C8FB6 /* Resources */,
			);
			buildRules = (
			);
			dependencies = (
			);
			name = InfiniteScrollableTabBarController;
			productName = InfiniteScrollableTabBarController;
			productReference = 1C0ABFCD20644463000C8FB6 /* InfiniteScrollableTabBarController.app */;
			productType = "com.apple.product-type.application";
		};
		1C0ABFE020644464000C8FB6 /* InfiniteScrollableTabBarControllerTests */ = {
			isa = PBXNativeTarget;
			buildConfigurationList = 1C0ABFED20644464000C8FB6 /* Build configuration list for PBXNativeTarget "InfiniteScrollableTabBarControllerTests" */;
			buildPhases = (
				1C0ABFDD20644464000C8FB6 /* Sources */,
				1C0ABFDE20644464000C8FB6 /* Frameworks */,
				1C0ABFDF20644464000C8FB6 /* Resources */,
			);
			buildRules = (
			);
			dependencies = (
				1C0ABFE320644464000C8FB6 /* PBXTargetDependency */,
			);
			name = InfiniteScrollableTabBarControllerTests;
			productName = InfiniteScrollableTabBarControllerTests;
			productReference = 1C0ABFE120644464000C8FB6 /* InfiniteScrollableTabBarControllerTests.xctest */;
			productType = "com.apple.product-type.bundle.unit-test";
		};
/* End PBXNativeTarget section */

/* Begin PBXProject section */
		1C0ABFC520644463000C8FB6 /* Project object */ = {
			isa = PBXProject;
			attributes = {
				LastSwiftUpdateCheck = 0920;
				LastUpgradeCheck = 0920;
				ORGANIZATIONNAME = "Iraniya Naynesh";
				TargetAttributes = {
					1C0ABFCC20644463000C8FB6 = {
						CreatedOnToolsVersion = 9.2;
						ProvisioningStyle = Automatic;
					};
					1C0ABFE020644464000C8FB6 = {
						CreatedOnToolsVersion = 9.2;
						ProvisioningStyle = Automatic;
						TestTargetID = 1C0ABFCC20644463000C8FB6;
					};
				};
			};
			buildConfigurationList = 1C0ABFC820644463000C8FB6 /* Build configuration list for PBXProject "InfiniteScrollableTabBarController" */;
			compatibilityVersion = "Xcode 8.0";
			developmentRegion = en;
			hasScannedForEncodings = 0;
			knownRegions = (
				en,
				Base,
			);
			mainGroup = 1C0ABFC420644463000C8FB6;
			productRefGroup = 1C0ABFCE20644463000C8FB6 /* Products */;
			projectDirPath = "";
			projectRoot = "";
			targets = (
				1C0ABFCC20644463000C8FB6 /* InfiniteScrollableTabBarController */,
				1C0ABFE020644464000C8FB6 /* InfiniteScrollableTabBarControllerTests */,
			);
		};
/* End PBXProject section */

/* Begin PBXResourcesBuildPhase section */
		1C0ABFCB20644463000C8FB6 /* Resources */ = {
			isa = PBXResourcesBuildPhase;
			buildActionMask = 2147483647;
			files = (
				1C0ABFDB20644463000C8FB6 /* LaunchScreen.storyboard in Resources */,
				1C0ABFD820644463000C8FB6 /* Assets.xcassets in Resources */,
				1C0ABFD620644463000C8FB6 /* Main.storyboard in Resources */,
			);
			runOnlyForDeploymentPostprocessing = 0;
		};
		1C0ABFDF20644464000C8FB6 /* Resources */ = {
			isa = PBXResourcesBuildPhase;
			buildActionMask = 2147483647;
			files = (
			);
			runOnlyForDeploymentPostprocessing = 0;
		};
/* End PBXResourcesBuildPhase section */

/* Begin PBXSourcesBuildPhase section */
		1C0ABFC920644463000C8FB6 /* Sources */ = {
			isa = PBXSourcesBuildPhase;
			buildActionMask = 2147483647;
			files = (
				1C0ABFD320644463000C8FB6 /* ViewController.swift in Sources */,
				1C0ABFD120644463000C8FB6 /* AppDelegate.swift in Sources */,
			);
			runOnlyForDeploymentPostprocessing = 0;
		};
		1C0ABFDD20644464000C8FB6 /* Sources */ = {
			isa = PBXSourcesBuildPhase;
			buildActionMask = 2147483647;
			files = (
				1C0ABFE620644464000C8FB6 /* InfiniteScrollableTabBarControllerTests.swift in Sources */,
			);
			runOnlyForDeploymentPostprocessing = 0;
		};
/* End PBXSourcesBuildPhase section */

/* Begin PBXTargetDependency section */
		1C0ABFE320644464000C8FB6 /* PBXTargetDependency */ = {
			isa = PBXTargetDependency;
			target = 1C0ABFCC20644463000C8FB6 /* InfiniteScrollableTabBarController */;
			targetProxy = 1C0ABFE220644464000C8FB6 /* PBXContainerItemProxy */;
		};
/* End PBXTargetDependency section */

/* Begin PBXVariantGroup section */
		1C0ABFD420644463000C8FB6 /* Main.storyboard */ = {
			isa = PBXVariantGroup;
			children = (
				1C0ABFD520644463000C8FB6 /* Base */,
			);
			name = Main.storyboard;
			sourceTree = "<group>";
		};
		1C0ABFD920644463000C8FB6 /* LaunchScreen.storyboard */ = {
			isa = PBXVariantGroup;
			children = (
				1C0ABFDA20644463000C8FB6 /* Base */,
			);
			name = LaunchScreen.storyboard;
			sourceTree = "<group>";
		};
/* End PBXVariantGroup section */

/* Begin XCBuildConfiguration section */
		1C0ABFE820644464000C8FB6 /* Debug */ = {
			isa = XCBuildConfiguration;
			buildSettings = {
				ALWAYS_SEARCH_USER_PATHS = NO;
				CLANG_ANALYZER_NONNULL = YES;
				CLANG_ANALYZER_NUMBER_OBJECT_CONVERSION = YES_AGGRESSIVE;
				CLANG_CXX_LANGUAGE_STANDARD = "gnu++14";
				CLANG_CXX_LIBRARY = "libc++";
				CLANG_ENABLE_MODULES = YES;
				CLANG_ENABLE_OBJC_ARC = YES;
				CLANG_WARN_BLOCK_CAPTURE_AUTORELEASING = YES;
				CLANG_WARN_BOOL_CONVERSION = YES;
				CLANG_WARN_COMMA = YES;
				CLANG_WARN_CONSTANT_CONVERSION = YES;
				CLANG_WARN_DIRECT_OBJC_ISA_USAGE = YES_ERROR;
				CLANG_WARN_DOCUMENTATION_COMMENTS = YES;
				CLANG_WARN_EMPTY_BODY = YES;
				CLANG_WARN_ENUM_CONVERSION = YES;
				CLANG_WARN_INFINITE_RECURSION = YES;
				CLANG_WARN_INT_CONVERSION = YES;
				CLANG_WARN_NON_LITERAL_NULL_CONVERSION = YES;
				CLANG_WARN_OBJC_LITERAL_CONVERSION = YES;
				CLANG_WARN_OBJC_ROOT_CLASS = YES_ERROR;
				CLANG_WARN_RANGE_LOOP_ANALYSIS = YES;
				CLANG_WARN_STRICT_PROTOTYPES = YES;
				CLANG_WARN_SUSPICIOUS_MOVE = YES;
				CLANG_WARN_UNGUARDED_AVAILABILITY = YES_AGGRESSIVE;
				CLANG_WARN_UNREACHABLE_CODE = YES;
				CLANG_WARN__DUPLICATE_METHOD_MATCH = YES;
				CODE_SIGN_IDENTITY = "iPhone Developer";
				COPY_PHASE_STRIP = NO;
				DEBUG_INFORMATION_FORMAT = dwarf;
				ENABLE_STRICT_OBJC_MSGSEND = YES;
				ENABLE_TESTABILITY = YES;
				GCC_C_LANGUAGE_STANDARD = gnu11;
				GCC_DYNAMIC_NO_PIC = NO;
				GCC_NO_COMMON_BLOCKS = YES;
				GCC_OPTIMIZATION_LEVEL = 0;
				GCC_PREPROCESSOR_DEFINITIONS = (
					"DEBUG=1",
					"$(inherited)",
				);
				GCC_WARN_64_TO_32_BIT_CONVERSION = YES;
				GCC_WARN_ABOUT_RETURN_TYPE = YES_ERROR;
				GCC_WARN_UNDECLARED_SELECTOR = YES;
				GCC_WARN_UNINITIALIZED_AUTOS = YES_AGGRESSIVE;
				GCC_WARN_UNUSED_FUNCTION = YES;
				GCC_WARN_UNUSED_VARIABLE = YES;
				IPHONEOS_DEPLOYMENT_TARGET = 11.2;
				MTL_ENABLE_DEBUG_INFO = YES;
				ONLY_ACTIVE_ARCH = YES;
				SDKROOT = iphoneos;
				SWIFT_ACTIVE_COMPILATION_CONDITIONS = DEBUG;
				SWIFT_OPTIMIZATION_LEVEL = "-Onone";
			};
			name = Debug;
		};
		1C0ABFE920644464000C8FB6 /* Release */ = {
			isa = XCBuildConfiguration;
			buildSettings = {
				ALWAYS_SEARCH_USER_PATHS = NO;
				CLANG_ANALYZER_NONNULL = YES;
				CLANG_ANALYZER_NUMBER_OBJECT_CONVERSION = YES_AGGRESSIVE;
				CLANG_CXX_LANGUAGE_STANDARD = "gnu++14";
				CLANG_CXX_LIBRARY = "libc++";
				CLANG_ENABLE_MODULES = YES;
				CLANG_ENABLE_OBJC_ARC = YES;
				CLANG_WARN_BLOCK_CAPTURE_AUTORELEASING = YES;
				CLANG_WARN_BOOL_CONVERSION = YES;
				CLANG_WARN_COMMA = YES;
				CLANG_WARN_CONSTANT_CONVERSION = YES;
				CLANG_WARN_DIRECT_OBJC_ISA_USAGE = YES_ERROR;
				CLANG_WARN_DOCUMENTATION_COMMENTS = YES;
				CLANG_WARN_EMPTY_BODY = YES;
				CLANG_WARN_ENUM_CONVERSION = YES;
				CLANG_WARN_INFINITE_RECURSION = YES;
				CLANG_WARN_INT_CONVERSION = YES;
				CLANG_WARN_NON_LITERAL_NULL_CONVERSION = YES;
				CLANG_WARN_OBJC_LITERAL_CONVERSION = YES;
				CLANG_WARN_OBJC_ROOT_CLASS = YES_ERROR;
				CLANG_WARN_RANGE_LOOP_ANALYSIS = YES;
				CLANG_WARN_STRICT_PROTOTYPES = YES;
				CLANG_WARN_SUSPICIOUS_MOVE = YES;
				CLANG_WARN_UNGUARDED_AVAILABILITY = YES_AGGRESSIVE;
				CLANG_WARN_UNREACHABLE_CODE = YES;
				CLANG_WARN__DUPLICATE_METHOD_MATCH = YES;
				CODE_SIGN_IDENTITY = "iPhone Developer";
				COPY_PHASE_STRIP = NO;
				DEBUG_INFORMATION_FORMAT = "dwarf-with-dsym";
				ENABLE_NS_ASSERTIONS = NO;
				ENABLE_STRICT_OBJC_MSGSEND = YES;
				GCC_C_LANGUAGE_STANDARD = gnu11;
				GCC_NO_COMMON_BLOCKS = YES;
				GCC_WARN_64_TO_32_BIT_CONVERSION = YES;
				GCC_WARN_ABOUT_RETURN_TYPE = YES_ERROR;
				GCC_WARN_UNDECLARED_SELECTOR = YES;
				GCC_WARN_UNINITIALIZED_AUTOS = YES_AGGRESSIVE;
				GCC_WARN_UNUSED_FUNCTION = YES;
				GCC_WARN_UNUSED_VARIABLE = YES;
				IPHONEOS_DEPLOYMENT_TARGET = 11.2;
				MTL_ENABLE_DEBUG_INFO = NO;
				SDKROOT = iphoneos;
				SWIFT_OPTIMIZATION_LEVEL = "-Owholemodule";
				VALIDATE_PRODUCT = YES;
			};
			name = Release;
		};
		1C0ABFEB20644464000C8FB6 /* Debug */ = {
			isa = XCBuildConfiguration;
			buildSettings = {
				ASSETCATALOG_COMPILER_APPICON_NAME = AppIcon;
				CODE_SIGN_STYLE = Automatic;
				DEVELOPMENT_TEAM = 66Q99FC7X2;
				INFOPLIST_FILE = InfiniteScrollableTabBarController/Info.plist;
				LD_RUNPATH_SEARCH_PATHS = "$(inherited) @executable_path/Frameworks";
				PRODUCT_BUNDLE_IDENTIFIER = com.iraniya.InfiniteScrollableTabBarController;
				PRODUCT_NAME = "$(TARGET_NAME)";
				SWIFT_VERSION = 4.0;
				TARGETED_DEVICE_FAMILY = "1,2";
			};
			name = Debug;
		};
		1C0ABFEC20644464000C8FB6 /* Release */ = {
			isa = XCBuildConfiguration;
			buildSettings = {
				ASSETCATALOG_COMPILER_APPICON_NAME = AppIcon;
				CODE_SIGN_STYLE = Automatic;
				DEVELOPMENT_TEAM = 66Q99FC7X2;
				INFOPLIST_FILE = InfiniteScrollableTabBarController/Info.plist;
				LD_RUNPATH_SEARCH_PATHS = "$(inherited) @executable_path/Frameworks";
				PRODUCT_BUNDLE_IDENTIFIER = com.iraniya.InfiniteScrollableTabBarController;
				PRODUCT_NAME = "$(TARGET_NAME)";
				SWIFT_VERSION = 4.0;
				TARGETED_DEVICE_FAMILY = "1,2";
			};
			name = Release;
		};
		1C0ABFEE20644464000C8FB6 /* Debug */ = {
			isa = XCBuildConfiguration;
			buildSettings = {
				ALWAYS_EMBED_SWIFT_STANDARD_LIBRARIES = YES;
				BUNDLE_LOADER = "$(TEST_HOST)";
				CODE_SIGN_STYLE = Automatic;
				DEVELOPMENT_TEAM = 66Q99FC7X2;
				INFOPLIST_FILE = InfiniteScrollableTabBarControllerTests/Info.plist;
				LD_RUNPATH_SEARCH_PATHS = "$(inherited) @executable_path/Frameworks @loader_path/Frameworks";
				PRODUCT_BUNDLE_IDENTIFIER = com.iraniya.InfiniteScrollableTabBarControllerTests;
				PRODUCT_NAME = "$(TARGET_NAME)";
				SWIFT_VERSION = 4.0;
				TARGETED_DEVICE_FAMILY = "1,2";
				TEST_HOST = "$(BUILT_PRODUCTS_DIR)/InfiniteScrollableTabBarController.app/InfiniteScrollableTabBarController";
			};
			name = Debug;
		};
		1C0ABFEF20644464000C8FB6 /* Release */ = {
			isa = XCBuildConfiguration;
			buildSettings = {
				ALWAYS_EMBED_SWIFT_STANDARD_LIBRARIES = YES;
				BUNDLE_LOADER = "$(TEST_HOST)";
				CODE_SIGN_STYLE = Automatic;
				DEVELOPMENT_TEAM = 66Q99FC7X2;
				INFOPLIST_FILE = InfiniteScrollableTabBarControllerTests/Info.plist;
				LD_RUNPATH_SEARCH_PATHS = "$(inherited) @executable_path/Frameworks @loader_path/Frameworks";
				PRODUCT_BUNDLE_IDENTIFIER = com.iraniya.InfiniteScrollableTabBarControllerTests;
				PRODUCT_NAME = "$(TARGET_NAME)";
				SWIFT_VERSION = 4.0;
				TARGETED_DEVICE_FAMILY = "1,2";
				TEST_HOST = "$(BUILT_PRODUCTS_DIR)/InfiniteScrollableTabBarController.app/InfiniteScrollableTabBarController";
			};
			name = Release;
		};
/* End XCBuildConfiguration section */

/* Begin XCConfigurationList section */
		1C0ABFC820644463000C8FB6 /* Build configuration list for PBXProject "InfiniteScrollableTabBarController" */ = {
			isa = XCConfigurationList;
			buildConfigurations = (
				1C0ABFE820644464000C8FB6 /* Debug */,
				1C0ABFE920644464000C8FB6 /* Release */,
			);
			defaultConfigurationIsVisible = 0;
			defaultConfigurationName = Release;
		};
		1C0ABFEA20644464000C8FB6 /* Build configuration list for PBXNativeTarget "InfiniteScrollableTabBarController" */ = {
			isa = XCConfigurationList;
			buildConfigurations = (
				1C0ABFEB20644464000C8FB6 /* Debug */,
				1C0ABFEC20644464000C8FB6 /* Release */,
			);
			defaultConfigurationIsVisible = 0;
			defaultConfigurationName = Release;
		};
		1C0ABFED20644464000C8FB6 /* Build configuration list for PBXNativeTarget "InfiniteScrollableTabBarControllerTests" */ = {
			isa = XCConfigurationList;
			buildConfigurations = (
				1C0ABFEE20644464000C8FB6 /* Debug */,
				1C0ABFEF20644464000C8FB6 /* Release */,
			);
			defaultConfigurationIsVisible = 0;
			defaultConfigurationName = Release;
		};
/* End XCConfigurationList section */
	};
	rootObject = 1C0ABFC520644463000C8FB6 /* Project object */;
}
